
Microsoft Visual Studio Solution File, Format Version 12.00
# Visual Studio 2013
VisualStudioVersion = 12.0.31101.0
MinimumVisualStudioVersion = 10.0.40219.1
Project("{FAE04EC0-301F-11D3-BF4B-00C04F79EFBC}") = "Tracer", "Tracer.csproj", "{89A775E9-9A75-4D5E-9649-E020D8F17E5F}"
EndProject
Project("{8BC9CEB8-8B4A-11D0-8D11-00A0C91BC942}") = "CUDA Code", "..\CUDA Code\CUDA Code.vcxproj", "{5A70F435-167A-49BA-BEE6-9B8AE67EF06E}"
EndProject
Project("{FAE04EC0-301F-11D3-BF4B-00C04F79EFBC}") = "Utilib", "..\Utilib\Utilib.csproj", "{DA8F1942-5275-430C-A61E-C186C8192DDE}"
EndProject
Global
	GlobalSection(SolutionConfigurationPlatforms) = preSolution
		Debug|Any CPU = Debug|Any CPU
		Debug|Mixed Platforms = Debug|Mixed Platforms
		Debug|Win32 = Debug|Win32
		Debug|x64 = Debug|x64
		DebugForm|Any CPU = DebugForm|Any CPU
		DebugForm|Mixed Platforms = DebugForm|Mixed Platforms
		DebugForm|Win32 = DebugForm|Win32
		DebugForm|x64 = DebugForm|x64
		Release|Any CPU = Release|Any CPU
		Release|Mixed Platforms = Release|Mixed Platforms
		Release|Win32 = Release|Win32
		Release|x64 = Release|x64
	EndGlobalSection
	GlobalSection(ProjectConfigurationPlatforms) = postSolution
		{89A775E9-9A75-4D5E-9649-E020D8F17E5F}.Debug|Any CPU.ActiveCfg = Debug|Any CPU
		{89A775E9-9A75-4D5E-9649-E020D8F17E5F}.Debug|Any CPU.Build.0 = Debug|Any CPU
		{89A775E9-9A75-4D5E-9649-E020D8F17E5F}.Debug|Mixed Platforms.ActiveCfg = Debug|Any CPU
		{89A775E9-9A75-4D5E-9649-E020D8F17E5F}.Debug|Mixed Platforms.Build.0 = Debug|Any CPU
		{89A775E9-9A75-4D5E-9649-E020D8F17E5F}.Debug|Win32.ActiveCfg = Debug|Any CPU
		{89A775E9-9A75-4D5E-9649-E020D8F17E5F}.Debug|x64.ActiveCfg = Debug|Any CPU
		{89A775E9-9A75-4D5E-9649-E020D8F17E5F}.DebugForm|Any CPU.ActiveCfg = DebugForm|Any CPU
		{89A775E9-9A75-4D5E-9649-E020D8F17E5F}.DebugForm|Any CPU.Build.0 = DebugForm|Any CPU
		{89A775E9-9A75-4D5E-9649-E020D8F17E5F}.DebugForm|Mixed Platforms.ActiveCfg = DebugForm|Any CPU
		{89A775E9-9A75-4D5E-9649-E020D8F17E5F}.DebugForm|Mixed Platforms.Build.0 = DebugForm|Any CPU
		{89A775E9-9A75-4D5E-9649-E020D8F17E5F}.DebugForm|Win32.ActiveCfg = DebugForm|Any CPU
		{89A775E9-9A75-4D5E-9649-E020D8F17E5F}.DebugForm|x64.ActiveCfg = DebugForm|Any CPU
		{89A775E9-9A75-4D5E-9649-E020D8F17E5F}.Release|Any CPU.ActiveCfg = Release|Any CPU
		{89A775E9-9A75-4D5E-9649-E020D8F17E5F}.Release|Any CPU.Build.0 = Release|Any CPU
		{89A775E9-9A75-4D5E-9649-E020D8F17E5F}.Release|Mixed Platforms.ActiveCfg = Release|Any CPU
		{89A775E9-9A75-4D5E-9649-E020D8F17E5F}.Release|Mixed Platforms.Build.0 = Release|Any CPU
		{89A775E9-9A75-4D5E-9649-E020D8F17E5F}.Release|Win32.ActiveCfg = Release|Any CPU
		{89A775E9-9A75-4D5E-9649-E020D8F17E5F}.Release|x64.ActiveCfg = Release|Any CPU
		{5A70F435-167A-49BA-BEE6-9B8AE67EF06E}.Debug|Any CPU.ActiveCfg = Debug|Win32
		{5A70F435-167A-49BA-BEE6-9B8AE67EF06E}.Debug|Mixed Platforms.ActiveCfg = Debug|Win32
		{5A70F435-167A-49BA-BEE6-9B8AE67EF06E}.Debug|Mixed Platforms.Build.0 = Debug|Win32
		{5A70F435-167A-49BA-BEE6-9B8AE67EF06E}.Debug|Win32.ActiveCfg = Debug|Win32
		{5A70F435-167A-49BA-BEE6-9B8AE67EF06E}.Debug|Win32.Build.0 = Debug|Win32
		{5A70F435-167A-49BA-BEE6-9B8AE67EF06E}.Debug|x64.ActiveCfg = Debug|x64
		{5A70F435-167A-49BA-BEE6-9B8AE67EF06E}.Debug|x64.Build.0 = Debug|x64
		{5A70F435-167A-49BA-BEE6-9B8AE67EF06E}.DebugForm|Any CPU.ActiveCfg = Debug|Win32
		{5A70F435-167A-49BA-BEE6-9B8AE67EF06E}.DebugForm|Mixed Platforms.ActiveCfg = Debug|Win32
		{5A70F435-167A-49BA-BEE6-9B8AE67EF06E}.DebugForm|Mixed Platforms.Build.0 = Debug|Win32
		{5A70F435-167A-49BA-BEE6-9B8AE67EF06E}.DebugForm|Win32.ActiveCfg = Debug|Win32
		{5A70F435-167A-49BA-BEE6-9B8AE67EF06E}.DebugForm|Win32.Build.0 = Debug|Win32
		{5A70F435-167A-49BA-BEE6-9B8AE67EF06E}.DebugForm|x64.ActiveCfg = Debug|x64
		{5A70F435-167A-49BA-BEE6-9B8AE67EF06E}.DebugForm|x64.Build.0 = Debug|x64
		{5A70F435-167A-49BA-BEE6-9B8AE67EF06E}.Release|Any CPU.ActiveCfg = Release|Win32
		{5A70F435-167A-49BA-BEE6-9B8AE67EF06E}.Release|Mixed Platforms.ActiveCfg = Release|Win32
		{5A70F435-167A-49BA-BEE6-9B8AE67EF06E}.Release|Mixed Platforms.Build.0 = Release|Win32
		{5A70F435-167A-49BA-BEE6-9B8AE67EF06E}.Release|Win32.ActiveCfg = Release|Win32
		{5A70F435-167A-49BA-BEE6-9B8AE67EF06E}.Release|Win32.Build.0 = Release|Win32
		{5A70F435-167A-49BA-BEE6-9B8AE67EF06E}.Release|x64.ActiveCfg = Release|x64
		{5A70F435-167A-49BA-BEE6-9B8AE67EF06E}.Release|x64.Build.0 = Release|x64
		{DA8F1942-5275-430C-A61E-C186C8192DDE}.Debug|Any CPU.ActiveCfg = Debug|Any CPU
		{DA8F1942-5275-430C-A61E-C186C8192DDE}.Debug|Any CPU.Build.0 = Debug|Any CPU
		{DA8F1942-5275-430C-A61E-C186C8192DDE}.Debug|Mixed Platforms.ActiveCfg = Debug|Any CPU
		{DA8F1942-5275-430C-A61E-C186C8192DDE}.Debug|Mixed Platforms.Build.0 = Debug|Any CPU
		{DA8F1942-5275-430C-A61E-C186C8192DDE}.Debug|Win32.ActiveCfg = Debug|Any CPU
		{DA8F1942-5275-430C-A61E-C186C8192DDE}.Debug|x64.ActiveCfg = Debug|Any CPU
		{DA8F1942-5275-430C-A61E-C186C8192DDE}.DebugForm|Any CPU.ActiveCfg = Debug|Any CPU
		{DA8F1942-5275-430C-A61E-C186C8192DDE}.DebugForm|Any CPU.Build.0 = Debug|Any CPU
		{DA8F1942-5275-430C-A61E-C186C8192DDE}.DebugForm|Mixed Platforms.ActiveCfg = Debug|Any CPU
		{DA8F1942-5275-430C-A61E-C186C8192DDE}.DebugForm|Mixed Platforms.Build.0 = Debug|Any CPU
		{DA8F1942-5275-430C-A61E-C186C8192DDE}.DebugForm|Win32.ActiveCfg = Debug|Any CPU
		{DA8F1942-5275-430C-A61E-C186C8192DDE}.DebugForm|x64.ActiveCfg = Debug|Any CPU
		{DA8F1942-5275-430C-A61E-C186C8192DDE}.Release|Any CPU.ActiveCfg = Release|Any CPU
		{DA8F1942-5275-430C-A61E-C186C8192DDE}.Release|Any CPU.Build.0 = Release|Any CPU
		{DA8F1942-5275-430C-A61E-C186C8192DDE}.Release|Mixed Platforms.ActiveCfg = Release|Any CPU
		{DA8F1942-5275-430C-A61E-C186C8192DDE}.Release|Mixed Platforms.Build.0 = Release|Any CPU
		{DA8F1942-5275-430C-A61E-C186C8192DDE}.Release|Win32.ActiveCfg = Release|Any CPU
		{DA8F1942-5275-430C-A61E-C186C8192DDE}.Release|x64.ActiveCfg = Release|Any CPU
	EndGlobalSection
	GlobalSection(SolutionProperties) = preSolution
		HideSolutionNode = FALSE
	EndGlobalSection
EndGlobal
